
Microsoft Visual Studio Solution File, Format Version 11.00
# Visual Studio 2010
Project("{FAE04EC0-301F-11D3-BF4B-00C04F79EFBC}") = "Sample.WebActors", "Sample.WebActors.csproj", "{BFEF0078-BC40-4DBA-97C2-AC8C5795DDC3}"
EndProject
Project("{FAE04EC0-301F-11D3-BF4B-00C04F79EFBC}") = "Magnum", "..\Magnum\Magnum.csproj", "{C3650C32-0850-48B4-BE71-ECE9FACBD356}"
EndProject
Project("{FAE04EC0-301F-11D3-BF4B-00C04F79EFBC}") = "Magnum.Web", "..\Magnum.Web\Magnum.Web.csproj", "{716A460C-0F8C-4336-8448-5ED8C24F31EB}"
EndProject
Project("{FAE04EC0-301F-11D3-BF4B-00C04F79EFBC}") = "Magnum.TestFramework", "..\Magnum.TestFramework\Magnum.TestFramework.csproj", "{D741FD13-08D7-4A71-916E-0D61816D8A80}"
EndProject
Project("{FAE04EC0-301F-11D3-BF4B-00C04F79EFBC}") = "Magnum.Specs", "..\Magnum.Specs\Magnum.Specs.csproj", "{0BEBC5E0-BDC4-421C-971B-2C5BE3204F7C}"
EndProject
Project("{FAE04EC0-301F-11D3-BF4B-00C04F79EFBC}") = "Magnum.Web.Specs", "..\Magnum.Web.Specs\Magnum.Web.Specs.csproj", "{296C852C-988C-4E01-A653-E3BF95536049}"
EndProject
Project("{FAE04EC0-301F-11D3-BF4B-00C04F79EFBC}") = "Sample.Actors", "..\Sample.Actors\Sample.Actors.csproj", "{21FDEA6E-13A1-4AE9-9E0A-70E7D34955D7}"
EndProject
Project("{FAE04EC0-301F-11D3-BF4B-00C04F79EFBC}") = "Sample.Actors.Console", "..\Sample.Actors.Console\Sample.Actors.Console.csproj", "{5A44EC48-BB63-420B-9DA1-88E303852484}"
EndProject
Global
	GlobalSection(SolutionConfigurationPlatforms) = preSolution
		Debug|Any CPU = Debug|Any CPU
		Release|Any CPU = Release|Any CPU
	EndGlobalSection
	GlobalSection(ProjectConfigurationPlatforms) = postSolution
		{BFEF0078-BC40-4DBA-97C2-AC8C5795DDC3}.Debug|Any CPU.ActiveCfg = Debug|Any CPU
		{BFEF0078-BC40-4DBA-97C2-AC8C5795DDC3}.Debug|Any CPU.Build.0 = Debug|Any CPU
		{BFEF0078-BC40-4DBA-97C2-AC8C5795DDC3}.Release|Any CPU.ActiveCfg = Release|Any CPU
		{BFEF0078-BC40-4DBA-97C2-AC8C5795DDC3}.Release|Any CPU.Build.0 = Release|Any CPU
		{C3650C32-0850-48B4-BE71-ECE9FACBD356}.Debug|Any CPU.ActiveCfg = Debug|Any CPU
		{C3650C32-0850-48B4-BE71-ECE9FACBD356}.Debug|Any CPU.Build.0 = Debug|Any CPU
		{C3650C32-0850-48B4-BE71-ECE9FACBD356}.Release|Any CPU.ActiveCfg = Release|Any CPU
		{C3650C32-0850-48B4-BE71-ECE9FACBD356}.Release|Any CPU.Build.0 = Release|Any CPU
		{716A460C-0F8C-4336-8448-5ED8C24F31EB}.Debug|Any CPU.ActiveCfg = Debug|Any CPU
		{716A460C-0F8C-4336-8448-5ED8C24F31EB}.Debug|Any CPU.Build.0 = Debug|Any CPU
		{716A460C-0F8C-4336-8448-5ED8C24F31EB}.Release|Any CPU.ActiveCfg = Release|Any CPU
		{716A460C-0F8C-4336-8448-5ED8C24F31EB}.Release|Any CPU.Build.0 = Release|Any CPU
		{D741FD13-08D7-4A71-916E-0D61816D8A80}.Debug|Any CPU.ActiveCfg = Debug|Any CPU
		{D741FD13-08D7-4A71-916E-0D61816D8A80}.Debug|Any CPU.Build.0 = Debug|Any CPU
		{D741FD13-08D7-4A71-916E-0D61816D8A80}.Release|Any CPU.ActiveCfg = Release|Any CPU
		{D741FD13-08D7-4A71-916E-0D61816D8A80}.Release|Any CPU.Build.0 = Release|Any CPU
		{0BEBC5E0-BDC4-421C-971B-2C5BE3204F7C}.Debug|Any CPU.ActiveCfg = Debug|Any CPU
		{0BEBC5E0-BDC4-421C-971B-2C5BE3204F7C}.Debug|Any CPU.Build.0 = Debug|Any CPU
		{0BEBC5E0-BDC4-421C-971B-2C5BE3204F7C}.Release|Any CPU.ActiveCfg = Release|Any CPU
		{0BEBC5E0-BDC4-421C-971B-2C5BE3204F7C}.Release|Any CPU.Build.0 = Release|Any CPU
		{296C852C-988C-4E01-A653-E3BF95536049}.Debug|Any CPU.ActiveCfg = Debug|Any CPU
		{296C852C-988C-4E01-A653-E3BF95536049}.Debug|Any CPU.Build.0 = Debug|Any CPU
		{296C852C-988C-4E01-A653-E3BF95536049}.Release|Any CPU.ActiveCfg = Release|Any CPU
		{296C852C-988C-4E01-A653-E3BF95536049}.Release|Any CPU.Build.0 = Release|Any CPU
		{21FDEA6E-13A1-4AE9-9E0A-70E7D34955D7}.Debug|Any CPU.ActiveCfg = Debug|Any CPU
		{21FDEA6E-13A1-4AE9-9E0A-70E7D34955D7}.Debug|Any CPU.Build.0 = Debug|Any CPU
		{21FDEA6E-13A1-4AE9-9E0A-70E7D34955D7}.Release|Any CPU.ActiveCfg = Release|Any CPU
		{21FDEA6E-13A1-4AE9-9E0A-70E7D34955D7}.Release|Any CPU.Build.0 = Release|Any CPU
		{5A44EC48-BB63-420B-9DA1-88E303852484}.Debug|Any CPU.ActiveCfg = Debug|Any CPU
		{5A44EC48-BB63-420B-9DA1-88E303852484}.Debug|Any CPU.Build.0 = Debug|Any CPU
		{5A44EC48-BB63-420B-9DA1-88E303852484}.Release|Any CPU.ActiveCfg = Release|Any CPU
		{5A44EC48-BB63-420B-9DA1-88E303852484}.Release|Any CPU.Build.0 = Release|Any CPU
	EndGlobalSection
	GlobalSection(SolutionProperties) = preSolution
		HideSolutionNode = FALSE
	EndGlobalSection
EndGlobal
