
Microsoft Visual Studio Solution File, Format Version 10.00
# Visual Studio 2008
Project("{FAE04EC0-301F-11D3-BF4B-00C04F79EFBC}") = "Magnum.ActorModel", "Magnum.ActorModel.csproj", "{5593B543-D830-4315-8DAD-8BA6A5950470}"
EndProject
Project("{FAE04EC0-301F-11D3-BF4B-00C04F79EFBC}") = "Magnum.ActorModel.Specs", "..\Magnum.ActorModel.Specs\Magnum.ActorModel.Specs.csproj", "{1D197500-1A37-4A50-9E49-14FC901259A3}"
EndProject
Global
	GlobalSection(SolutionConfigurationPlatforms) = preSolution
		Debug|Any CPU = Debug|Any CPU
		Release|Any CPU = Release|Any CPU
	EndGlobalSection
	GlobalSection(ProjectConfigurationPlatforms) = postSolution
		{5593B543-D830-4315-8DAD-8BA6A5950470}.Debug|Any CPU.ActiveCfg = Debug|Any CPU
		{5593B543-D830-4315-8DAD-8BA6A5950470}.Debug|Any CPU.Build.0 = Debug|Any CPU
		{5593B543-D830-4315-8DAD-8BA6A5950470}.Release|Any CPU.ActiveCfg = Release|Any CPU
		{5593B543-D830-4315-8DAD-8BA6A5950470}.Release|Any CPU.Build.0 = Release|Any CPU
		{1D197500-1A37-4A50-9E49-14FC901259A3}.Debug|Any CPU.ActiveCfg = Debug|Any CPU
		{1D197500-1A37-4A50-9E49-14FC901259A3}.Debug|Any CPU.Build.0 = Debug|Any CPU
		{1D197500-1A37-4A50-9E49-14FC901259A3}.Release|Any CPU.ActiveCfg = Release|Any CPU
		{1D197500-1A37-4A50-9E49-14FC901259A3}.Release|Any CPU.Build.0 = Release|Any CPU
	EndGlobalSection
	GlobalSection(SolutionProperties) = preSolution
		HideSolutionNode = FALSE
	EndGlobalSection
EndGlobal
