Microsoft Visual Studio Solution File, Format Version 10.00
# Visual Studio 2008
Project("{FAE04EC0-301F-11D3-BF4B-00C04F79EFBC}") = "Magnum.Common", "Magnum.Common\Magnum.Common.csproj", "{C3650C32-0850-48B4-BE71-ECE9FACBD356}"
EndProject
Project("{FAE04EC0-301F-11D3-BF4B-00C04F79EFBC}") = "Magnum.Common.Specs", "Magnum.Common.Specs\Magnum.Common.Specs.csproj", "{0BEBC5E0-BDC4-421C-971B-2C5BE3204F7C}"
EndProject
Project("{FAE04EC0-301F-11D3-BF4B-00C04F79EFBC}") = "Magnum.Infrastructure", "Magnum.Infrastructure\Magnum.Infrastructure.csproj", "{A3CA2BD8-BA6C-457F-9C56-0809C2739710}"
EndProject
Project("{FAE04EC0-301F-11D3-BF4B-00C04F79EFBC}") = "Magnum.Metrics.Specs", "Magnum.Metrics.Specs\Magnum.Metrics.Specs.csproj", "{564D6F6D-8C58-482A-A5F7-B7D84CC1B9F3}"
EndProject
Project("{FAE04EC0-301F-11D3-BF4B-00C04F79EFBC}") = "Magnum.Metrics", "Magnum.Metrics\Magnum.Metrics.csproj", "{840ACB6A-A512-4886-8E88-A24D99342090}"
EndProject
Project("{2150E333-8FDC-42A3-9474-1A3956D46DE8}") = "ProtocolBuffers", "ProtocolBuffers", "{895DBED7-EA72-4243-AC5F-2CB1E0C357CA}"
EndProject
Project("{FAE04EC0-301F-11D3-BF4B-00C04F79EFBC}") = "Magnum.ProtocolBuffers", "Magnum.ProtocolBuffers\Magnum.ProtocolBuffers.csproj", "{F4F363D4-0ED1-4DE2-B96D-7883215D816B}"
EndProject
Project("{FAE04EC0-301F-11D3-BF4B-00C04F79EFBC}") = "Magnum.ProtocolBuffers.Specs", "Magnum.ProtocolBuffers.Specs\Magnum.ProtocolBuffers.Specs.csproj", "{FF3DD7A0-1418-4D56-848F-C1450A18BEF4}"
EndProject
Project("{FAE04EC0-301F-11D3-BF4B-00C04F79EFBC}") = "Magnum.MapReduce", "Magnum.MapReduce\Magnum.MapReduce.csproj", "{9EE2E9D4-1F97-47D9-BBA4-2F9B245B6D8D}"
EndProject
Project("{FAE04EC0-301F-11D3-BF4B-00C04F79EFBC}") = "Magnum.MapReduce.Specs", "Magnum.MapReduce.Specs\Magnum.MapReduce.Specs.csproj", "{0C7ECE2E-7858-4E05-A1BF-2CD2B53C8C06}"
EndProject
Global
	GlobalSection(SolutionConfigurationPlatforms) = preSolution
		Debug|Any CPU = Debug|Any CPU
		Release|Any CPU = Release|Any CPU
	EndGlobalSection
	GlobalSection(ProjectConfigurationPlatforms) = postSolution
		{C3650C32-0850-48B4-BE71-ECE9FACBD356}.Debug|Any CPU.ActiveCfg = Debug|Any CPU
		{C3650C32-0850-48B4-BE71-ECE9FACBD356}.Debug|Any CPU.Build.0 = Debug|Any CPU
		{C3650C32-0850-48B4-BE71-ECE9FACBD356}.Release|Any CPU.ActiveCfg = Release|Any CPU
		{C3650C32-0850-48B4-BE71-ECE9FACBD356}.Release|Any CPU.Build.0 = Release|Any CPU
		{0BEBC5E0-BDC4-421C-971B-2C5BE3204F7C}.Debug|Any CPU.ActiveCfg = Debug|Any CPU
		{0BEBC5E0-BDC4-421C-971B-2C5BE3204F7C}.Debug|Any CPU.Build.0 = Debug|Any CPU
		{0BEBC5E0-BDC4-421C-971B-2C5BE3204F7C}.Release|Any CPU.ActiveCfg = Release|Any CPU
		{0BEBC5E0-BDC4-421C-971B-2C5BE3204F7C}.Release|Any CPU.Build.0 = Release|Any CPU
		{A3CA2BD8-BA6C-457F-9C56-0809C2739710}.Debug|Any CPU.ActiveCfg = Debug|Any CPU
		{A3CA2BD8-BA6C-457F-9C56-0809C2739710}.Debug|Any CPU.Build.0 = Debug|Any CPU
		{A3CA2BD8-BA6C-457F-9C56-0809C2739710}.Release|Any CPU.ActiveCfg = Release|Any CPU
		{A3CA2BD8-BA6C-457F-9C56-0809C2739710}.Release|Any CPU.Build.0 = Release|Any CPU
		{564D6F6D-8C58-482A-A5F7-B7D84CC1B9F3}.Debug|Any CPU.ActiveCfg = Debug|Any CPU
		{564D6F6D-8C58-482A-A5F7-B7D84CC1B9F3}.Debug|Any CPU.Build.0 = Debug|Any CPU
		{564D6F6D-8C58-482A-A5F7-B7D84CC1B9F3}.Release|Any CPU.ActiveCfg = Release|Any CPU
		{564D6F6D-8C58-482A-A5F7-B7D84CC1B9F3}.Release|Any CPU.Build.0 = Release|Any CPU
		{840ACB6A-A512-4886-8E88-A24D99342090}.Debug|Any CPU.ActiveCfg = Debug|Any CPU
		{840ACB6A-A512-4886-8E88-A24D99342090}.Debug|Any CPU.Build.0 = Debug|Any CPU
		{840ACB6A-A512-4886-8E88-A24D99342090}.Release|Any CPU.ActiveCfg = Release|Any CPU
		{840ACB6A-A512-4886-8E88-A24D99342090}.Release|Any CPU.Build.0 = Release|Any CPU
		{F4F363D4-0ED1-4DE2-B96D-7883215D816B}.Debug|Any CPU.ActiveCfg = Debug|Any CPU
		{F4F363D4-0ED1-4DE2-B96D-7883215D816B}.Debug|Any CPU.Build.0 = Debug|Any CPU
		{F4F363D4-0ED1-4DE2-B96D-7883215D816B}.Release|Any CPU.ActiveCfg = Release|Any CPU
		{F4F363D4-0ED1-4DE2-B96D-7883215D816B}.Release|Any CPU.Build.0 = Release|Any CPU
		{FF3DD7A0-1418-4D56-848F-C1450A18BEF4}.Debug|Any CPU.ActiveCfg = Debug|Any CPU
		{FF3DD7A0-1418-4D56-848F-C1450A18BEF4}.Debug|Any CPU.Build.0 = Debug|Any CPU
		{FF3DD7A0-1418-4D56-848F-C1450A18BEF4}.Release|Any CPU.ActiveCfg = Release|Any CPU
		{FF3DD7A0-1418-4D56-848F-C1450A18BEF4}.Release|Any CPU.Build.0 = Release|Any CPU
		{9EE2E9D4-1F97-47D9-BBA4-2F9B245B6D8D}.Debug|Any CPU.ActiveCfg = Debug|Any CPU
		{9EE2E9D4-1F97-47D9-BBA4-2F9B245B6D8D}.Debug|Any CPU.Build.0 = Debug|Any CPU
		{9EE2E9D4-1F97-47D9-BBA4-2F9B245B6D8D}.Release|Any CPU.ActiveCfg = Release|Any CPU
		{9EE2E9D4-1F97-47D9-BBA4-2F9B245B6D8D}.Release|Any CPU.Build.0 = Release|Any CPU
		{0C7ECE2E-7858-4E05-A1BF-2CD2B53C8C06}.Debug|Any CPU.ActiveCfg = Debug|Any CPU
		{0C7ECE2E-7858-4E05-A1BF-2CD2B53C8C06}.Debug|Any CPU.Build.0 = Debug|Any CPU
		{0C7ECE2E-7858-4E05-A1BF-2CD2B53C8C06}.Release|Any CPU.ActiveCfg = Release|Any CPU
		{0C7ECE2E-7858-4E05-A1BF-2CD2B53C8C06}.Release|Any CPU.Build.0 = Release|Any CPU
	EndGlobalSection
	GlobalSection(SolutionProperties) = preSolution
		HideSolutionNode = FALSE
	EndGlobalSection
	GlobalSection(NestedProjects) = preSolution
		{F4F363D4-0ED1-4DE2-B96D-7883215D816B} = {895DBED7-EA72-4243-AC5F-2CB1E0C357CA}
		{FF3DD7A0-1418-4D56-848F-C1450A18BEF4} = {895DBED7-EA72-4243-AC5F-2CB1E0C357CA}
	EndGlobalSection
EndGlobal
