Microsoft Visual Studio Solution File, Format Version 9.00
# Visual Studio 2005
Project("{FAE04EC0-301F-11D3-BF4B-00C04F79EFBC}") = "Magnum", "Magnum\Magnum.csproj", "{FAAC0E55-2820-4014-BB54-8A1E72C97A29}"
	ProjectSection(WebsiteProperties) = preProject
		Debug.AspNetCompiler.Debug = "True"
		Release.AspNetCompiler.Debug = "False"
	EndProjectSection
EndProject
Project("{FAE04EC0-301F-11D3-BF4B-00C04F79EFBC}") = "Magnum.Tests", "Magnum.Tests\Magnum.Tests.csproj", "{700795B6-AEE6-4623-8E1B-318B9D6CFC12}"
	ProjectSection(WebsiteProperties) = preProject
		Debug.AspNetCompiler.Debug = "True"
		Release.AspNetCompiler.Debug = "False"
	EndProjectSection
EndProject
Project("{FAE04EC0-301F-11D3-BF4B-00C04F79EFBC}") = "Magnum.Serialization", "Magnum.Serialization\Magnum.Serialization.csproj", "{A6D8A4A5-D6F9-44DD-BFD4-F721CA9F3E01}"
	ProjectSection(WebsiteProperties) = preProject
		Debug.AspNetCompiler.Debug = "True"
		Release.AspNetCompiler.Debug = "False"
	EndProjectSection
EndProject
Project("{FAE04EC0-301F-11D3-BF4B-00C04F79EFBC}") = "Magnum.Serialization.Tests", "Magnum.Serialization.Tests\Magnum.Serialization.Tests.csproj", "{C72949DC-DCFC-457B-A7BD-A4D2FB437BF4}"
	ProjectSection(WebsiteProperties) = preProject
		Debug.AspNetCompiler.Debug = "True"
		Release.AspNetCompiler.Debug = "False"
	EndProjectSection
EndProject
Project("{FAE04EC0-301F-11D3-BF4B-00C04F79EFBC}") = "Magnum.Transport", "Magnum.Transport\Magnum.Transport.csproj", "{B7BB5B70-1B0E-458B-95F4-678F2AE5C99A}"
	ProjectSection(WebsiteProperties) = preProject
		Debug.AspNetCompiler.Debug = "True"
		Release.AspNetCompiler.Debug = "False"
	EndProjectSection
EndProject
Project("{FAE04EC0-301F-11D3-BF4B-00C04F79EFBC}") = "Magnum.Transport.Tests", "Magnum.Transport.Tests\Magnum.Transport.Tests.csproj", "{CE4C6C08-AA9E-45A4-A12E-BB6835DA91D8}"
	ProjectSection(WebsiteProperties) = preProject
		Debug.AspNetCompiler.Debug = "True"
		Release.AspNetCompiler.Debug = "False"
	EndProjectSection
EndProject
Global
	GlobalSection(SolutionConfigurationPlatforms) = preSolution
		Debug|Any CPU = Debug|Any CPU
		Release|Any CPU = Release|Any CPU
	EndGlobalSection
	GlobalSection(ProjectConfigurationPlatforms) = postSolution
		{FAAC0E55-2820-4014-BB54-8A1E72C97A29}.Debug|Any CPU.ActiveCfg = Debug|Any CPU
		{FAAC0E55-2820-4014-BB54-8A1E72C97A29}.Debug|Any CPU.Build.0 = Debug|Any CPU
		{FAAC0E55-2820-4014-BB54-8A1E72C97A29}.Release|Any CPU.ActiveCfg = Release|Any CPU
		{FAAC0E55-2820-4014-BB54-8A1E72C97A29}.Release|Any CPU.Build.0 = Release|Any CPU
		{700795B6-AEE6-4623-8E1B-318B9D6CFC12}.Debug|Any CPU.ActiveCfg = Debug|Any CPU
		{700795B6-AEE6-4623-8E1B-318B9D6CFC12}.Debug|Any CPU.Build.0 = Debug|Any CPU
		{700795B6-AEE6-4623-8E1B-318B9D6CFC12}.Release|Any CPU.ActiveCfg = Release|Any CPU
		{700795B6-AEE6-4623-8E1B-318B9D6CFC12}.Release|Any CPU.Build.0 = Release|Any CPU
		{A6D8A4A5-D6F9-44DD-BFD4-F721CA9F3E01}.Debug|Any CPU.ActiveCfg = Debug|Any CPU
		{A6D8A4A5-D6F9-44DD-BFD4-F721CA9F3E01}.Debug|Any CPU.Build.0 = Debug|Any CPU
		{A6D8A4A5-D6F9-44DD-BFD4-F721CA9F3E01}.Release|Any CPU.ActiveCfg = Release|Any CPU
		{A6D8A4A5-D6F9-44DD-BFD4-F721CA9F3E01}.Release|Any CPU.Build.0 = Release|Any CPU
		{C72949DC-DCFC-457B-A7BD-A4D2FB437BF4}.Debug|Any CPU.ActiveCfg = Debug|Any CPU
		{C72949DC-DCFC-457B-A7BD-A4D2FB437BF4}.Debug|Any CPU.Build.0 = Debug|Any CPU
		{C72949DC-DCFC-457B-A7BD-A4D2FB437BF4}.Release|Any CPU.ActiveCfg = Release|Any CPU
		{C72949DC-DCFC-457B-A7BD-A4D2FB437BF4}.Release|Any CPU.Build.0 = Release|Any CPU
		{B7BB5B70-1B0E-458B-95F4-678F2AE5C99A}.Debug|Any CPU.ActiveCfg = Debug|Any CPU
		{B7BB5B70-1B0E-458B-95F4-678F2AE5C99A}.Debug|Any CPU.Build.0 = Debug|Any CPU
		{B7BB5B70-1B0E-458B-95F4-678F2AE5C99A}.Release|Any CPU.ActiveCfg = Release|Any CPU
		{B7BB5B70-1B0E-458B-95F4-678F2AE5C99A}.Release|Any CPU.Build.0 = Release|Any CPU
		{CE4C6C08-AA9E-45A4-A12E-BB6835DA91D8}.Debug|Any CPU.ActiveCfg = Debug|Any CPU
		{CE4C6C08-AA9E-45A4-A12E-BB6835DA91D8}.Debug|Any CPU.Build.0 = Debug|Any CPU
		{CE4C6C08-AA9E-45A4-A12E-BB6835DA91D8}.Release|Any CPU.ActiveCfg = Release|Any CPU
		{CE4C6C08-AA9E-45A4-A12E-BB6835DA91D8}.Release|Any CPU.Build.0 = Release|Any CPU
	EndGlobalSection
	GlobalSection(SolutionProperties) = preSolution
		HideSolutionNode = FALSE
	EndGlobalSection
EndGlobal
